repo = "xorg"
name = "libfs"
version = "1.0.10"
description = "X Font Service client library"
timestamp = "2025-02-20 20:24:43"
dependencies = [
    "glibc",
    "xorgproto",
    "xtrans",
]
upstream = "https://gitlab.freedesktop.org/xorg/lib/libfs.git"
version_command = "git ls-remote --tags --refs 'https://gitlab.freedesktop.org/xorg/lib/libfs.git' | sed 's@.*/@@' | grep -i libfs- | sed 's@_@.@g' | sort -V | tail -n1"

[source]
url = "https://www.x.org/pub/individual/lib/libFS-1.0.10.tar.xz"
hash = "m6u9PIYGnJhWPaBEBF_cDs5OwMk9zdLGiqdOs0tPO3c"
