name = "libxmu"
version = "1.2.1"
repo = "xorg"

[data]
source = { url = "https://www.x.org/pub/individual/lib/libXmu-1.2.1.tar.xz", hash = "_LJ3kySKOeX8xbnErsQMwHNLPKdqrD19HCZOf34U6LI" }
extra = [
]
upstream = "https://gitlab.freedesktop.org/xorg/lib/libxmu.git"
version_command = '''git ls-remote --tags --refs 'https://gitlab.freedesktop.org/xorg/lib/libxmu.git' | sed 's@.*/@@' | grep -i libxmu- | sed 's@_@.@g' | sort -V | tail -n1'''
