repo = "xorg"
name = "libxcvt"
version = "0.1.3"
upstream = "https://gitlab.freedesktop.org/xorg/lib/libxcvt.git"
version_command = "git ls-remote --tags --refs 'https://gitlab.freedesktop.org/xorg/lib/libxcvt.git' | sed 's@.*/@@' | grep -i libxcvt- | sed 's@_@.@g' | sort -V | tail -n1"

[source]
url = "https://www.x.org/pub/individual/lib/libxcvt-0.1.3.tar.xz"
hash = "qSmZiodn3n36NtbaR1HNvu807WMHFPL0p2ezUfJELgE"
