repo = "xorg"
name = "libxv"
version = "1.0.13"
description = "X11 Video extension library"
timestamp = "2025-02-20 20:24:43"
dependencies = [
    "libxext",
    "libx11",
    "glibc",
    "xorgproto",
]
upstream = "https://gitlab.freedesktop.org/xorg/lib/libxv.git"
version_command = "git ls-remote --tags --refs 'https://gitlab.freedesktop.org/xorg/lib/libxv.git' | sed 's@.*/@@' | grep -i libxv- | sed 's@_@.@g' | sort -V | tail -n1"

[source]
url = "https://www.x.org/pub/individual/lib/libXv-1.0.13.tar.xz"
hash = "fTSRCVjhwfjRk9go_qG32hkilygKNUN68GkvADugN1U"
