name = "libxvmc"
version = "1.0.14"
repo = "xorg"

[data]
source = { url = "https://www.x.org/pub/individual/lib/libXvMC-1.0.14.tar.xz", hash = "5L6etra6_bv4H0f3FjBHIVN25F4tx4bQ6mGByTByXtk" }
extra = [
]
upstream = "https://gitlab.freedesktop.org/xorg/lib/libxvmc.git"
version_command = '''git ls-remote --tags --refs 'https://gitlab.freedesktop.org/xorg/lib/libxvmc.git' | sed 's@.*/@@' | grep -i libxvmc- | sed 's@_@.@g' | sort -V | tail -n1'''
