repo = "xorg"
name = "libxcomposite"
version = "0.4.6"
description = "X11 Composite extension library"
timestamp = "2025-02-20 20:24:43"
dependencies = [
    "libxfixes",
    "xorgproto",
    "libx11",
    "glibc",
    "util-macros",
]
upstream = "https://gitlab.freedesktop.org/xorg/lib/libxcomposite.git"
version_command = "git ls-remote --tags --refs 'https://gitlab.freedesktop.org/xorg/lib/libxcomposite.git' | sed 's@.*/@@' | grep -i libxcomposite- | sed 's@_@.@g' | sort -V | tail -n1"

[source]
url = "https://www.x.org/pub/individual/lib/libXcomposite-0.4.6.tar.xz"
hash = "_kC88K4aCQcOuiQIil65gQ7-V0U3eeweIKVQgMbcLIc"
